
Microsoft Visual Studio Solution File, Format Version 12.00
# Visual Studio Version 16
VisualStudioVersion = 16.0.32002.261
MinimumVisualStudioVersion = 10.0.40219.1
Project("{FAE04EC0-301F-11D3-BF4B-00C04F79EFBC}") = "Reversi", "Reversi\Reversi.csproj", "{4695F662-AD19-44A3-822E-F7806609073F}"
EndProject
Global
	GlobalSection(SolutionConfigurationPlatforms) = preSolution
		Debug|Any CPU = Debug|Any CPU
		Release|Any CPU = Release|Any CPU
	EndGlobalSection
	GlobalSection(ProjectConfigurationPlatforms) = postSolution
		{4695F662-AD19-44A3-822E-F7806609073F}.Debug|Any CPU.ActiveCfg = Debug|Any CPU
		{4695F662-AD19-44A3-822E-F7806609073F}.Debug|Any CPU.Build.0 = Debug|Any CPU
		{4695F662-AD19-44A3-822E-F7806609073F}.Release|Any CPU.ActiveCfg = Release|Any CPU
		{4695F662-AD19-44A3-822E-F7806609073F}.Release|Any CPU.Build.0 = Release|Any CPU
	EndGlobalSection
	GlobalSection(SolutionProperties) = preSolution
		HideSolutionNode = FALSE
	EndGlobalSection
	GlobalSection(ExtensibilityGlobals) = postSolution
		SolutionGuid = {A0892F83-901B-44E9-9896-0AE9E2ABBE35}
	EndGlobalSection
EndGlobal
